Microsoft Visual Studio Solution File, Format Version 12.00
# Visual Studio Version 17
VisualStudioVersion = 17.5.33516.290
MinimumVisualStudioVersion = 10.0.40219.1
Project("{9A19103F-16F7-4668-BE54-9A1E7A4F7556}") = "Common", "src\Common\Common.csproj", "{E2EC2546-06A6-4D3D-83B3-1FD290B8F1BD}"
EndProject
Project("{9A19103F-16F7-4668-BE54-9A1E7A4F7556}") = "Data", "src\Data\Data.csproj", "{18B55741-E278-457D-BBB2-D63AC1C82623}"
EndProject
Project("{9A19103F-16F7-4668-BE54-9A1E7A4F7556}") = "Analysis", "src\Analysis\Analysis.csproj", "{878C9C83-BE0D-4A54-8132-082373BEF087}"
EndProject
Project("{9A19103F-16F7-4668-BE54-9A1E7A4F7556}") = "User", "src\User\User.csproj", "{F39A987A-7771-4DA4-958F-0351C687E347}"
EndProject
Project("{9A19103F-16F7-4668-BE54-9A1E7A4F7556}") = "CoreUI", "src\CoreUI\CoreUI.csproj", "{E0001125-12AA-4CDA-AD20-D4FC08CB0E4B}"
EndProject
Project("{2150E333-8FDC-42A3-9474-1A3956D46DE8}") = "config", "config", "{B627EADE-FFF4-449A-BE57-5C034BF95755}"
	ProjectSection(SolutionItems) = preProject
		config\tradesharp.json = config\tradesharp.json
		config\tradesharp.test.json = config\tradesharp.test.json
	EndProjectSection
EndProject
Project("{9A19103F-16F7-4668-BE54-9A1E7A4F7556}") = "WinDataManager", "src\DataManager\WinDataManager.csproj", "{D1A4F45C-DAE2-4BC6-953D-230803AB22BB}"
EndProject
Project("{2150E333-8FDC-42A3-9474-1A3956D46DE8}") = "src", "src", "{6168D40C-8A46-4FF7-B127-2DD2B115F3DF}"
	ProjectSection(SolutionItems) = preProject
		Directory.Build.props = Directory.Build.props
	EndProjectSection
EndProject
Project("{2150E333-8FDC-42A3-9474-1A3956D46DE8}") = "bin", "bin", "{8859C91F-722B-4F56-9BDB-DD99B201C7C4}"
EndProject
Project("{2150E333-8FDC-42A3-9474-1A3956D46DE8}") = "obj", "obj", "{B17E3CF4-3925-4E96-9EAC-3212BDFC7560}"
EndProject
Project("{2150E333-8FDC-42A3-9474-1A3956D46DE8}") = "doc", "doc", "{8843A9AA-4E34-4517-9542-F2664FE2AC67}"
EndProject
Project("{2150E333-8FDC-42A3-9474-1A3956D46DE8}") = "data", "data", "{3E1D2540-A537-4621-B10C-102586972162}"
EndProject
Project("{2150E333-8FDC-42A3-9474-1A3956D46DE8}") = "test", "test", "{2A0C41BA-F332-4E0C-B8F8-7CE674BBC227}"
EndProject
Project("{9A19103F-16F7-4668-BE54-9A1E7A4F7556}") = "Common.Testing", "test\Common\Common.Testing.csproj", "{260331E2-7E61-4285-AE39-2A931F5E5EC8}"
EndProject
Project("{9A19103F-16F7-4668-BE54-9A1E7A4F7556}") = "Data.Testing", "test\Data\Data.Testing.csproj", "{C53F54AF-58E0-4AAD-970C-5349BC811605}"
EndProject
Project("{2150E333-8FDC-42A3-9474-1A3956D46DE8}") = "log", "log", "{2EC21E7C-05C5-469A-87A6-9C8D86100C6A}"
EndProject
Project("{2150E333-8FDC-42A3-9474-1A3956D46DE8}") = "assets", "assets", "{FAE45784-F672-4549-BEA3-60978D4210B6}"
EndProject
Project("{2150E333-8FDC-42A3-9474-1A3956D46DE8}") = "countryflags", "countryflags", "{E2E9403E-B4DE-4DAB-B812-2A6143BC04AD}"
EndProject
Project("{9A19103F-16F7-4668-BE54-9A1E7A4F7556}") = "WinCoreUI", "src\WinCoreUI\WinCoreUI.csproj", "{6F521EB5-1B35-4D94-BDD6-AD7F7DE119D2}"
EndProject
Project("{FAE04EC0-301F-11D3-BF4B-00C04F79EFBC}") = "CoreUI.Testing", "test\CoreUI\CoreUI.Testing.csproj", "{B7DB7E53-57A6-482C-A7F0-EDF83FEE71A4}"
EndProject
Global
	GlobalSection(SolutionConfigurationPlatforms) = preSolution
		Debug|Any CPU = Debug|Any CPU
		Debug|ARM64 = Debug|ARM64
		Debug|x64 = Debug|x64
		Debug|x86 = Debug|x86
		Release|Any CPU = Release|Any CPU
		Release|ARM64 = Release|ARM64
		Release|x64 = Release|x64
		Release|x86 = Release|x86
	EndGlobalSection
	GlobalSection(ProjectConfigurationPlatforms) = postSolution
		{E2EC2546-06A6-4D3D-83B3-1FD290B8F1BD}.Debug|Any CPU.ActiveCfg = Debug|Any CPU
		{E2EC2546-06A6-4D3D-83B3-1FD290B8F1BD}.Debug|Any CPU.Build.0 = Debug|Any CPU
		{E2EC2546-06A6-4D3D-83B3-1FD290B8F1BD}.Debug|ARM64.ActiveCfg = Debug|Any CPU
		{E2EC2546-06A6-4D3D-83B3-1FD290B8F1BD}.Debug|ARM64.Build.0 = Debug|Any CPU
		{E2EC2546-06A6-4D3D-83B3-1FD290B8F1BD}.Debug|x64.ActiveCfg = Debug|Any CPU
		{E2EC2546-06A6-4D3D-83B3-1FD290B8F1BD}.Debug|x64.Build.0 = Debug|Any CPU
		{E2EC2546-06A6-4D3D-83B3-1FD290B8F1BD}.Debug|x86.ActiveCfg = Debug|Any CPU
		{E2EC2546-06A6-4D3D-83B3-1FD290B8F1BD}.Debug|x86.Build.0 = Debug|Any CPU
		{E2EC2546-06A6-4D3D-83B3-1FD290B8F1BD}.Release|Any CPU.ActiveCfg = Release|Any CPU
		{E2EC2546-06A6-4D3D-83B3-1FD290B8F1BD}.Release|Any CPU.Build.0 = Release|Any CPU
		{E2EC2546-06A6-4D3D-83B3-1FD290B8F1BD}.Release|ARM64.ActiveCfg = Release|Any CPU
		{E2EC2546-06A6-4D3D-83B3-1FD290B8F1BD}.Release|ARM64.Build.0 = Release|Any CPU
		{E2EC2546-06A6-4D3D-83B3-1FD290B8F1BD}.Release|x64.ActiveCfg = Release|Any CPU
		{E2EC2546-06A6-4D3D-83B3-1FD290B8F1BD}.Release|x64.Build.0 = Release|Any CPU
		{E2EC2546-06A6-4D3D-83B3-1FD290B8F1BD}.Release|x86.ActiveCfg = Release|Any CPU
		{E2EC2546-06A6-4D3D-83B3-1FD290B8F1BD}.Release|x86.Build.0 = Release|Any CPU
		{18B55741-E278-457D-BBB2-D63AC1C82623}.Debug|Any CPU.ActiveCfg = Debug|Any CPU
		{18B55741-E278-457D-BBB2-D63AC1C82623}.Debug|Any CPU.Build.0 = Debug|Any CPU
		{18B55741-E278-457D-BBB2-D63AC1C82623}.Debug|ARM64.ActiveCfg = Debug|Any CPU
		{18B55741-E278-457D-BBB2-D63AC1C82623}.Debug|ARM64.Build.0 = Debug|Any CPU
		{18B55741-E278-457D-BBB2-D63AC1C82623}.Debug|x64.ActiveCfg = Debug|Any CPU
		{18B55741-E278-457D-BBB2-D63AC1C82623}.Debug|x64.Build.0 = Debug|Any CPU
		{18B55741-E278-457D-BBB2-D63AC1C82623}.Debug|x86.ActiveCfg = Debug|Any CPU
		{18B55741-E278-457D-BBB2-D63AC1C82623}.Debug|x86.Build.0 = Debug|Any CPU
		{18B55741-E278-457D-BBB2-D63AC1C82623}.Release|Any CPU.ActiveCfg = Release|Any CPU
		{18B55741-E278-457D-BBB2-D63AC1C82623}.Release|Any CPU.Build.0 = Release|Any CPU
		{18B55741-E278-457D-BBB2-D63AC1C82623}.Release|ARM64.ActiveCfg = Release|Any CPU
		{18B55741-E278-457D-BBB2-D63AC1C82623}.Release|ARM64.Build.0 = Release|Any CPU
		{18B55741-E278-457D-BBB2-D63AC1C82623}.Release|x64.ActiveCfg = Release|Any CPU
		{18B55741-E278-457D-BBB2-D63AC1C82623}.Release|x64.Build.0 = Release|Any CPU
		{18B55741-E278-457D-BBB2-D63AC1C82623}.Release|x86.ActiveCfg = Release|Any CPU
		{18B55741-E278-457D-BBB2-D63AC1C82623}.Release|x86.Build.0 = Release|Any CPU
		{878C9C83-BE0D-4A54-8132-082373BEF087}.Debug|Any CPU.ActiveCfg = Debug|Any CPU
		{878C9C83-BE0D-4A54-8132-082373BEF087}.Debug|Any CPU.Build.0 = Debug|Any CPU
		{878C9C83-BE0D-4A54-8132-082373BEF087}.Debug|ARM64.ActiveCfg = Debug|Any CPU
		{878C9C83-BE0D-4A54-8132-082373BEF087}.Debug|ARM64.Build.0 = Debug|Any CPU
		{878C9C83-BE0D-4A54-8132-082373BEF087}.Debug|x64.ActiveCfg = Debug|Any CPU
		{878C9C83-BE0D-4A54-8132-082373BEF087}.Debug|x64.Build.0 = Debug|Any CPU
		{878C9C83-BE0D-4A54-8132-082373BEF087}.Debug|x86.ActiveCfg = Debug|Any CPU
		{878C9C83-BE0D-4A54-8132-082373BEF087}.Debug|x86.Build.0 = Debug|Any CPU
		{878C9C83-BE0D-4A54-8132-082373BEF087}.Release|Any CPU.ActiveCfg = Release|Any CPU
		{878C9C83-BE0D-4A54-8132-082373BEF087}.Release|Any CPU.Build.0 = Release|Any CPU
		{878C9C83-BE0D-4A54-8132-082373BEF087}.Release|ARM64.ActiveCfg = Release|Any CPU
		{878C9C83-BE0D-4A54-8132-082373BEF087}.Release|ARM64.Build.0 = Release|Any CPU
		{878C9C83-BE0D-4A54-8132-082373BEF087}.Release|x64.ActiveCfg = Release|Any CPU
		{878C9C83-BE0D-4A54-8132-082373BEF087}.Release|x64.Build.0 = Release|Any CPU
		{878C9C83-BE0D-4A54-8132-082373BEF087}.Release|x86.ActiveCfg = Release|Any CPU
		{878C9C83-BE0D-4A54-8132-082373BEF087}.Release|x86.Build.0 = Release|Any CPU
		{F39A987A-7771-4DA4-958F-0351C687E347}.Debug|Any CPU.ActiveCfg = Debug|Any CPU
		{F39A987A-7771-4DA4-958F-0351C687E347}.Debug|Any CPU.Build.0 = Debug|Any CPU
		{F39A987A-7771-4DA4-958F-0351C687E347}.Debug|ARM64.ActiveCfg = Debug|Any CPU
		{F39A987A-7771-4DA4-958F-0351C687E347}.Debug|ARM64.Build.0 = Debug|Any CPU
		{F39A987A-7771-4DA4-958F-0351C687E347}.Debug|x64.ActiveCfg = Debug|Any CPU
		{F39A987A-7771-4DA4-958F-0351C687E347}.Debug|x64.Build.0 = Debug|Any CPU
		{F39A987A-7771-4DA4-958F-0351C687E347}.Debug|x86.ActiveCfg = Debug|Any CPU
		{F39A987A-7771-4DA4-958F-0351C687E347}.Debug|x86.Build.0 = Debug|Any CPU
		{F39A987A-7771-4DA4-958F-0351C687E347}.Release|Any CPU.ActiveCfg = Release|Any CPU
		{F39A987A-7771-4DA4-958F-0351C687E347}.Release|Any CPU.Build.0 = Release|Any CPU
		{F39A987A-7771-4DA4-958F-0351C687E347}.Release|ARM64.ActiveCfg = Release|Any CPU
		{F39A987A-7771-4DA4-958F-0351C687E347}.Release|ARM64.Build.0 = Release|Any CPU
		{F39A987A-7771-4DA4-958F-0351C687E347}.Release|x64.ActiveCfg = Release|Any CPU
		{F39A987A-7771-4DA4-958F-0351C687E347}.Release|x64.Build.0 = Release|Any CPU
		{F39A987A-7771-4DA4-958F-0351C687E347}.Release|x86.ActiveCfg = Release|Any CPU
		{F39A987A-7771-4DA4-958F-0351C687E347}.Release|x86.Build.0 = Release|Any CPU
		{E0001125-12AA-4CDA-AD20-D4FC08CB0E4B}.Debug|Any CPU.ActiveCfg = Debug|Any CPU
		{E0001125-12AA-4CDA-AD20-D4FC08CB0E4B}.Debug|Any CPU.Build.0 = Debug|Any CPU
		{E0001125-12AA-4CDA-AD20-D4FC08CB0E4B}.Debug|ARM64.ActiveCfg = Debug|Any CPU
		{E0001125-12AA-4CDA-AD20-D4FC08CB0E4B}.Debug|ARM64.Build.0 = Debug|Any CPU
		{E0001125-12AA-4CDA-AD20-D4FC08CB0E4B}.Debug|x64.ActiveCfg = Debug|Any CPU
		{E0001125-12AA-4CDA-AD20-D4FC08CB0E4B}.Debug|x64.Build.0 = Debug|Any CPU
		{E0001125-12AA-4CDA-AD20-D4FC08CB0E4B}.Debug|x86.ActiveCfg = Debug|Any CPU
		{E0001125-12AA-4CDA-AD20-D4FC08CB0E4B}.Debug|x86.Build.0 = Debug|Any CPU
		{E0001125-12AA-4CDA-AD20-D4FC08CB0E4B}.Release|Any CPU.ActiveCfg = Release|Any CPU
		{E0001125-12AA-4CDA-AD20-D4FC08CB0E4B}.Release|Any CPU.Build.0 = Release|Any CPU
		{E0001125-12AA-4CDA-AD20-D4FC08CB0E4B}.Release|ARM64.ActiveCfg = Release|Any CPU
		{E0001125-12AA-4CDA-AD20-D4FC08CB0E4B}.Release|ARM64.Build.0 = Release|Any CPU
		{E0001125-12AA-4CDA-AD20-D4FC08CB0E4B}.Release|x64.ActiveCfg = Release|Any CPU
		{E0001125-12AA-4CDA-AD20-D4FC08CB0E4B}.Release|x64.Build.0 = Release|Any CPU
		{E0001125-12AA-4CDA-AD20-D4FC08CB0E4B}.Release|x86.ActiveCfg = Release|Any CPU
		{E0001125-12AA-4CDA-AD20-D4FC08CB0E4B}.Release|x86.Build.0 = Release|Any CPU
		{D1A4F45C-DAE2-4BC6-953D-230803AB22BB}.Debug|Any CPU.ActiveCfg = Debug|x64
		{D1A4F45C-DAE2-4BC6-953D-230803AB22BB}.Debug|Any CPU.Build.0 = Debug|x64
		{D1A4F45C-DAE2-4BC6-953D-230803AB22BB}.Debug|Any CPU.Deploy.0 = Debug|x64
		{D1A4F45C-DAE2-4BC6-953D-230803AB22BB}.Debug|ARM64.ActiveCfg = Debug|ARM64
		{D1A4F45C-DAE2-4BC6-953D-230803AB22BB}.Debug|ARM64.Build.0 = Debug|ARM64
		{D1A4F45C-DAE2-4BC6-953D-230803AB22BB}.Debug|ARM64.Deploy.0 = Debug|ARM64
		{D1A4F45C-DAE2-4BC6-953D-230803AB22BB}.Debug|x64.ActiveCfg = Debug|x64
		{D1A4F45C-DAE2-4BC6-953D-230803AB22BB}.Debug|x64.Build.0 = Debug|x64
		{D1A4F45C-DAE2-4BC6-953D-230803AB22BB}.Debug|x64.Deploy.0 = Debug|x64
		{D1A4F45C-DAE2-4BC6-953D-230803AB22BB}.Debug|x86.ActiveCfg = Debug|x86
		{D1A4F45C-DAE2-4BC6-953D-230803AB22BB}.Debug|x86.Build.0 = Debug|x86
		{D1A4F45C-DAE2-4BC6-953D-230803AB22BB}.Debug|x86.Deploy.0 = Debug|x86
		{D1A4F45C-DAE2-4BC6-953D-230803AB22BB}.Release|Any CPU.ActiveCfg = Release|x64
		{D1A4F45C-DAE2-4BC6-953D-230803AB22BB}.Release|Any CPU.Build.0 = Release|x64
		{D1A4F45C-DAE2-4BC6-953D-230803AB22BB}.Release|Any CPU.Deploy.0 = Release|x64
		{D1A4F45C-DAE2-4BC6-953D-230803AB22BB}.Release|ARM64.ActiveCfg = Release|ARM64
		{D1A4F45C-DAE2-4BC6-953D-230803AB22BB}.Release|ARM64.Build.0 = Release|ARM64
		{D1A4F45C-DAE2-4BC6-953D-230803AB22BB}.Release|ARM64.Deploy.0 = Release|ARM64
		{D1A4F45C-DAE2-4BC6-953D-230803AB22BB}.Release|x64.ActiveCfg = Release|x64
		{D1A4F45C-DAE2-4BC6-953D-230803AB22BB}.Release|x64.Build.0 = Release|x64
		{D1A4F45C-DAE2-4BC6-953D-230803AB22BB}.Release|x64.Deploy.0 = Release|x64
		{D1A4F45C-DAE2-4BC6-953D-230803AB22BB}.Release|x86.ActiveCfg = Release|x86
		{D1A4F45C-DAE2-4BC6-953D-230803AB22BB}.Release|x86.Build.0 = Release|x86
		{D1A4F45C-DAE2-4BC6-953D-230803AB22BB}.Release|x86.Deploy.0 = Release|x86
		{260331E2-7E61-4285-AE39-2A931F5E5EC8}.Debug|Any CPU.ActiveCfg = Debug|Any CPU
		{260331E2-7E61-4285-AE39-2A931F5E5EC8}.Debug|Any CPU.Build.0 = Debug|Any CPU
		{260331E2-7E61-4285-AE39-2A931F5E5EC8}.Debug|ARM64.ActiveCfg = Debug|Any CPU
		{260331E2-7E61-4285-AE39-2A931F5E5EC8}.Debug|ARM64.Build.0 = Debug|Any CPU
		{260331E2-7E61-4285-AE39-2A931F5E5EC8}.Debug|x64.ActiveCfg = Debug|Any CPU
		{260331E2-7E61-4285-AE39-2A931F5E5EC8}.Debug|x64.Build.0 = Debug|Any CPU
		{260331E2-7E61-4285-AE39-2A931F5E5EC8}.Debug|x86.ActiveCfg = Debug|Any CPU
		{260331E2-7E61-4285-AE39-2A931F5E5EC8}.Debug|x86.Build.0 = Debug|Any CPU
		{260331E2-7E61-4285-AE39-2A931F5E5EC8}.Release|Any CPU.ActiveCfg = Release|Any CPU
		{260331E2-7E61-4285-AE39-2A931F5E5EC8}.Release|Any CPU.Build.0 = Release|Any CPU
		{260331E2-7E61-4285-AE39-2A931F5E5EC8}.Release|ARM64.ActiveCfg = Release|Any CPU
		{260331E2-7E61-4285-AE39-2A931F5E5EC8}.Release|ARM64.Build.0 = Release|Any CPU
		{260331E2-7E61-4285-AE39-2A931F5E5EC8}.Release|x64.ActiveCfg = Release|Any CPU
		{260331E2-7E61-4285-AE39-2A931F5E5EC8}.Release|x64.Build.0 = Release|Any CPU
		{260331E2-7E61-4285-AE39-2A931F5E5EC8}.Release|x86.ActiveCfg = Release|Any CPU
		{260331E2-7E61-4285-AE39-2A931F5E5EC8}.Release|x86.Build.0 = Release|Any CPU
		{C53F54AF-58E0-4AAD-970C-5349BC811605}.Debug|Any CPU.ActiveCfg = Debug|Any CPU
		{C53F54AF-58E0-4AAD-970C-5349BC811605}.Debug|Any CPU.Build.0 = Debug|Any CPU
		{C53F54AF-58E0-4AAD-970C-5349BC811605}.Debug|ARM64.ActiveCfg = Debug|Any CPU
		{C53F54AF-58E0-4AAD-970C-5349BC811605}.Debug|ARM64.Build.0 = Debug|Any CPU
		{C53F54AF-58E0-4AAD-970C-5349BC811605}.Debug|x64.ActiveCfg = Debug|Any CPU
		{C53F54AF-58E0-4AAD-970C-5349BC811605}.Debug|x64.Build.0 = Debug|Any CPU
		{C53F54AF-58E0-4AAD-970C-5349BC811605}.Debug|x86.ActiveCfg = Debug|Any CPU
		{C53F54AF-58E0-4AAD-970C-5349BC811605}.Debug|x86.Build.0 = Debug|Any CPU
		{C53F54AF-58E0-4AAD-970C-5349BC811605}.Release|Any CPU.ActiveCfg = Release|Any CPU
		{C53F54AF-58E0-4AAD-970C-5349BC811605}.Release|Any CPU.Build.0 = Release|Any CPU
		{C53F54AF-58E0-4AAD-970C-5349BC811605}.Release|ARM64.ActiveCfg = Release|Any CPU
		{C53F54AF-58E0-4AAD-970C-5349BC811605}.Release|ARM64.Build.0 = Release|Any CPU
		{C53F54AF-58E0-4AAD-970C-5349BC811605}.Release|x64.ActiveCfg = Release|Any CPU
		{C53F54AF-58E0-4AAD-970C-5349BC811605}.Release|x64.Build.0 = Release|Any CPU
		{C53F54AF-58E0-4AAD-970C-5349BC811605}.Release|x86.ActiveCfg = Release|Any CPU
		{C53F54AF-58E0-4AAD-970C-5349BC811605}.Release|x86.Build.0 = Release|Any CPU
		{6F521EB5-1B35-4D94-BDD6-AD7F7DE119D2}.Debug|Any CPU.ActiveCfg = Debug|x64
		{6F521EB5-1B35-4D94-BDD6-AD7F7DE119D2}.Debug|Any CPU.Build.0 = Debug|x64
		{6F521EB5-1B35-4D94-BDD6-AD7F7DE119D2}.Debug|ARM64.ActiveCfg = Debug|Any CPU
		{6F521EB5-1B35-4D94-BDD6-AD7F7DE119D2}.Debug|ARM64.Build.0 = Debug|Any CPU
		{6F521EB5-1B35-4D94-BDD6-AD7F7DE119D2}.Debug|x64.ActiveCfg = Debug|Any CPU
		{6F521EB5-1B35-4D94-BDD6-AD7F7DE119D2}.Debug|x64.Build.0 = Debug|Any CPU
		{6F521EB5-1B35-4D94-BDD6-AD7F7DE119D2}.Debug|x86.ActiveCfg = Debug|Any CPU
		{6F521EB5-1B35-4D94-BDD6-AD7F7DE119D2}.Debug|x86.Build.0 = Debug|Any CPU
		{6F521EB5-1B35-4D94-BDD6-AD7F7DE119D2}.Release|Any CPU.ActiveCfg = Release|Any CPU
		{6F521EB5-1B35-4D94-BDD6-AD7F7DE119D2}.Release|Any CPU.Build.0 = Release|Any CPU
		{6F521EB5-1B35-4D94-BDD6-AD7F7DE119D2}.Release|ARM64.ActiveCfg = Release|Any CPU
		{6F521EB5-1B35-4D94-BDD6-AD7F7DE119D2}.Release|ARM64.Build.0 = Release|Any CPU
		{6F521EB5-1B35-4D94-BDD6-AD7F7DE119D2}.Release|x64.ActiveCfg = Release|Any CPU
		{6F521EB5-1B35-4D94-BDD6-AD7F7DE119D2}.Release|x64.Build.0 = Release|Any CPU
		{6F521EB5-1B35-4D94-BDD6-AD7F7DE119D2}.Release|x86.ActiveCfg = Release|Any CPU
		{6F521EB5-1B35-4D94-BDD6-AD7F7DE119D2}.Release|x86.Build.0 = Release|Any CPU
		{B7DB7E53-57A6-482C-A7F0-EDF83FEE71A4}.Debug|Any CPU.ActiveCfg = Debug|Any CPU
		{B7DB7E53-57A6-482C-A7F0-EDF83FEE71A4}.Debug|Any CPU.Build.0 = Debug|Any CPU
		{B7DB7E53-57A6-482C-A7F0-EDF83FEE71A4}.Debug|ARM64.ActiveCfg = Debug|Any CPU
		{B7DB7E53-57A6-482C-A7F0-EDF83FEE71A4}.Debug|ARM64.Build.0 = Debug|Any CPU
		{B7DB7E53-57A6-482C-A7F0-EDF83FEE71A4}.Debug|x64.ActiveCfg = Debug|Any CPU
		{B7DB7E53-57A6-482C-A7F0-EDF83FEE71A4}.Debug|x64.Build.0 = Debug|Any CPU
		{B7DB7E53-57A6-482C-A7F0-EDF83FEE71A4}.Debug|x86.ActiveCfg = Debug|Any CPU
		{B7DB7E53-57A6-482C-A7F0-EDF83FEE71A4}.Debug|x86.Build.0 = Debug|Any CPU
		{B7DB7E53-57A6-482C-A7F0-EDF83FEE71A4}.Release|Any CPU.ActiveCfg = Release|Any CPU
		{B7DB7E53-57A6-482C-A7F0-EDF83FEE71A4}.Release|Any CPU.Build.0 = Release|Any CPU
		{B7DB7E53-57A6-482C-A7F0-EDF83FEE71A4}.Release|ARM64.ActiveCfg = Release|Any CPU
		{B7DB7E53-57A6-482C-A7F0-EDF83FEE71A4}.Release|ARM64.Build.0 = Release|Any CPU
		{B7DB7E53-57A6-482C-A7F0-EDF83FEE71A4}.Release|x64.ActiveCfg = Release|Any CPU
		{B7DB7E53-57A6-482C-A7F0-EDF83FEE71A4}.Release|x64.Build.0 = Release|Any CPU
		{B7DB7E53-57A6-482C-A7F0-EDF83FEE71A4}.Release|x86.ActiveCfg = Release|Any CPU
		{B7DB7E53-57A6-482C-A7F0-EDF83FEE71A4}.Release|x86.Build.0 = Release|Any CPU
	EndGlobalSection
	GlobalSection(SolutionProperties) = preSolution
		HideSolutionNode = FALSE
	EndGlobalSection
	GlobalSection(NestedProjects) = preSolution
		{E2EC2546-06A6-4D3D-83B3-1FD290B8F1BD} = {6168D40C-8A46-4FF7-B127-2DD2B115F3DF}
		{18B55741-E278-457D-BBB2-D63AC1C82623} = {6168D40C-8A46-4FF7-B127-2DD2B115F3DF}
		{878C9C83-BE0D-4A54-8132-082373BEF087} = {6168D40C-8A46-4FF7-B127-2DD2B115F3DF}
		{F39A987A-7771-4DA4-958F-0351C687E347} = {6168D40C-8A46-4FF7-B127-2DD2B115F3DF}
		{E0001125-12AA-4CDA-AD20-D4FC08CB0E4B} = {6168D40C-8A46-4FF7-B127-2DD2B115F3DF}
		{D1A4F45C-DAE2-4BC6-953D-230803AB22BB} = {6168D40C-8A46-4FF7-B127-2DD2B115F3DF}
		{260331E2-7E61-4285-AE39-2A931F5E5EC8} = {2A0C41BA-F332-4E0C-B8F8-7CE674BBC227}
		{C53F54AF-58E0-4AAD-970C-5349BC811605} = {2A0C41BA-F332-4E0C-B8F8-7CE674BBC227}
		{FAE45784-F672-4549-BEA3-60978D4210B6} = {3E1D2540-A537-4621-B10C-102586972162}
		{E2E9403E-B4DE-4DAB-B812-2A6143BC04AD} = {FAE45784-F672-4549-BEA3-60978D4210B6}
		{6F521EB5-1B35-4D94-BDD6-AD7F7DE119D2} = {6168D40C-8A46-4FF7-B127-2DD2B115F3DF}
		{B7DB7E53-57A6-482C-A7F0-EDF83FEE71A4} = {2A0C41BA-F332-4E0C-B8F8-7CE674BBC227}
	EndGlobalSection
	GlobalSection(ExtensibilityGlobals) = postSolution
		SolutionGuid = {1360233B-8E54-4EA0-A673-021EA810F332}
	EndGlobalSection
EndGlobal
